// !$*UTF8*$!
{
	archiveVersion = 1;
	classes = {
	};
	objectVersion = 48;
	objects = {

/* Begin PBXBuildFile section */
		4D73C6671FEC3BF100C0096E /* MessageComposer.swift in Sources */ = {isa = PBXBuildFile; fileRef = 4D73C6661FEC3BF100C0096E /* MessageComposer.swift */; };
		4DA00B7A1FEB467500D6B186 /* AppDelegate.swift in Sources */ = {isa = PBXBuildFile; fileRef = 4DA00B791FEB467500D6B186 /* AppDelegate.swift */; };
		4DA00B7C1FEB467500D6B186 /* ViewController.swift in Sources */ = {isa = PBXBuildFile; fileRef = 4DA00B7B1FEB467500D6B186 /* ViewController.swift */; };
		4DA00B7F1FEB467500D6B186 /* Main.storyboard in Resources */ = {isa = PBXBuildFile; fileRef = 4DA00B7D1FEB467500D6B186 /* Main.storyboard */; };
		4DA00B811FEB467500D6B186 /* Assets.xcassets in Resources */ = {isa = PBXBuildFile; fileRef = 4DA00B801FEB467500D6B186 /* Assets.xcassets */; };
		4DA00B841FEB467500D6B186 /* LaunchScreen.storyboard in Resources */ = {isa = PBXBuildFile; fileRef = 4DA00B821FEB467500D6B186 /* LaunchScreen.storyboard */; };
		4DA00B8C1FEB590E00D6B186 /* NiceViewController.swift in Sources */ = {isa = PBXBuildFile; fileRef = 4DA00B8B1FEB590E00D6B186 /* NiceViewController.swift */; };
		4DA00B8E1FEB591900D6B186 /* NaughtyViewController.swift in Sources */ = {isa = PBXBuildFile; fileRef = 4DA00B8D1FEB591900D6B186 /* NaughtyViewController.swift */; };
/* End PBXBuildFile section */

/* Begin PBXFileReference section */
		4D73C6661FEC3BF100C0096E /* MessageComposer.swift */ = {isa = PBXFileReference; lastKnownFileType = sourcecode.swift; path = MessageComposer.swift; sourceTree = "<group>"; };
		4DA00B761FEB467400D6B186 /* iOU.app */ = {isa = PBXFileReference; explicitFileType = wrapper.application; includeInIndex = 0; path = iOU.app; sourceTree = BUILT_PRODUCTS_DIR; };
		4DA00B791FEB467500D6B186 /* AppDelegate.swift */ = {isa = PBXFileReference; lastKnownFileType = sourcecode.swift; path = AppDelegate.swift; sourceTree = "<group>"; };
		4DA00B7B1FEB467500D6B186 /* ViewController.swift */ = {isa = PBXFileReference; lastKnownFileType = sourcecode.swift; path = ViewController.swift; sourceTree = "<group>"; };
		4DA00B7E1FEB467500D6B186 /* Base */ = {isa = PBXFileReference; lastKnownFileType = file.storyboard; name = Base; path = Base.lproj/Main.storyboard; sourceTree = "<group>"; };
		4DA00B801FEB467500D6B186 /* Assets.xcassets */ = {isa = PBXFileReference; lastKnownFileType = folder.assetcatalog; path = Assets.xcassets; sourceTree = "<group>"; };
		4DA00B831FEB467500D6B186 /* Base */ = {isa = PBXFileReference; lastKnownFileType = file.storyboard; name = Base; path = Base.lproj/LaunchScreen.storyboard; sourceTree = "<group>"; };
		4DA00B851FEB467500D6B186 /* Info.plist */ = {isa = PBXFileReference; lastKnownFileType = text.plist.xml; path = Info.plist; sourceTree = "<group>"; };
		4DA00B8B1FEB590E00D6B186 /* NiceViewController.swift */ = {isa = PBXFileReference; lastKnownFileType = sourcecode.swift; path = NiceViewController.swift; sourceTree = "<group>"; };
		4DA00B8D1FEB591900D6B186 /* NaughtyViewController.swift */ = {isa = PBXFileReference; lastKnownFileType = sourcecode.swift; path = NaughtyViewController.swift; sourceTree = "<group>"; };
/* End PBXFileReference section */

/* Begin PBXFrameworksBuildPhase section */
		4DA00B731FEB467400D6B186 /* Frameworks */ = {
			isa = PBXFrameworksBuildPhase;
			buildActionMask = 2147483647;
			files = (
			);
			runOnlyForDeploymentPostprocessing = 0;
		};
/* End PBXFrameworksBuildPhase section */

/* Begin PBXGroup section */
		4DA00B6D1FEB467400D6B186 = {
			isa = PBXGroup;
			children = (
				4DA00B781FEB467400D6B186 /* iOU */,
				4DA00B771FEB467400D6B186 /* Products */,
			);
			sourceTree = "<group>";
		};
		4DA00B771FEB467400D6B186 /* Products */ = {
			isa = PBXGroup;
			children = (
				4DA00B761FEB467400D6B186 /* iOU.app */,
			);
			name = Products;
			sourceTree = "<group>";
		};
		4DA00B781FEB467400D6B186 /* iOU */ = {
			isa = PBXGroup;
			children = (
				4DA00B791FEB467500D6B186 /* AppDelegate.swift */,
				4DA00B7B1FEB467500D6B186 /* ViewController.swift */,
				4DA00B8B1FEB590E00D6B186 /* NiceViewController.swift */,
				4DA00B8D1FEB591900D6B186 /* NaughtyViewController.swift */,
				4D73C6661FEC3BF100C0096E /* MessageComposer.swift */,
				4DA00B7D1FEB467500D6B186 /* Main.storyboard */,
				4DA00B801FEB467500D6B186 /* Assets.xcassets */,
				4DA00B821FEB467500D6B186 /* LaunchScreen.storyboard */,
				4DA00B851FEB467500D6B186 /* Info.plist */,
			);
			path = iOU;
			sourceTree = "<group>";
		};
/* End PBXGroup section */

/* Begin PBXNativeTarget section */
		4DA00B751FEB467400D6B186 /* iOU */ = {
			isa = PBXNativeTarget;
			buildConfigurationList = 4DA00B881FEB467500D6B186 /* Build configuration list for PBXNativeTarget "iOU" */;
			buildPhases = (
				4DA00B721FEB467400D6B186 /* Sources */,
				4DA00B731FEB467400D6B186 /* Frameworks */,
				4DA00B741FEB467400D6B186 /* Resources */,
			);
			buildRules = (
			);
			dependencies = (
			);
			name = iOU;
			productName = iOU;
			productReference = 4DA00B761FEB467400D6B186 /* iOU.app */;
			productType = "com.apple.product-type.application";
		};
/* End PBXNativeTarget section */

/* Begin PBXProject section */
		4DA00B6E1FEB467400D6B186 /* Project object */ = {
			isa = PBXProject;
			attributes = {
				LastSwiftUpdateCheck = 0920;
				LastUpgradeCheck = 0920;
				ORGANIZATIONNAME = "Virgil Alexander Martinez";
				TargetAttributes = {
					4DA00B751FEB467400D6B186 = {
						CreatedOnToolsVersion = 9.2;
						ProvisioningStyle = Automatic;
					};
				};
			};
			buildConfigurationList = 4DA00B711FEB467400D6B186 /* Build configuration list for PBXProject "iOU" */;
			compatibilityVersion = "Xcode 8.0";
			developmentRegion = en;
			hasScannedForEncodings = 0;
			knownRegions = (
				en,
				Base,
			);
			mainGroup = 4DA00B6D1FEB467400D6B186;
			productRefGroup = 4DA00B771FEB467400D6B186 /* Products */;
			projectDirPath = "";
			projectRoot = "";
			targets = (
				4DA00B751FEB467400D6B186 /* iOU */,
			);
		};
/* End PBXProject section */

/* Begin PBXResourcesBuildPhase section */
		4DA00B741FEB467400D6B186 /* Resources */ = {
			isa = PBXResourcesBuildPhase;
			buildActionMask = 2147483647;
			files = (
				4DA00B841FEB467500D6B186 /* LaunchScreen.storyboard in Resources */,
				4DA00B811FEB467500D6B186 /* Assets.xcassets in Resources */,
				4DA00B7F1FEB467500D6B186 /* Main.storyboard in Resources */,
			);
			runOnlyForDeploymentPostprocessing = 0;
		};
/* End PBXResourcesBuildPhase section */

/* Begin PBXSourcesBuildPhase section */
		4DA00B721FEB467400D6B186 /* Sources */ = {
			isa = PBXSourcesBuildPhase;
			buildActionMask = 2147483647;
			files = (
				4DA00B7C1FEB467500D6B186 /* ViewController.swift in Sources */,
				4DA00B8E1FEB591900D6B186 /* NaughtyViewController.swift in Sources */,
				4DA00B7A1FEB467500D6B186 /* AppDelegate.swift in Sources */,
				4DA00B8C1FEB590E00D6B186 /* NiceViewController.swift in Sources */,
				4D73C6671FEC3BF100C0096E /* MessageComposer.swift in Sources */,
			);
			runOnlyForDeploymentPostprocessing = 0;
		};
/* End PBXSourcesBuildPhase section */

/* Begin PBXVariantGroup section */
		4DA00B7D1FEB467500D6B186 /* Main.storyboard */ = {
			isa = PBXVariantGroup;
			children = (
				4DA00B7E1FEB467500D6B186 /* Base */,
			);
			name = Main.storyboard;
			sourceTree = "<group>";
		};
		4DA00B821FEB467500D6B186 /* LaunchScreen.storyboard */ = {
			isa = PBXVariantGroup;
			children = (
				4DA00B831FEB467500D6B186 /* Base */,
			);
			name = LaunchScreen.storyboard;
			sourceTree = "<group>";
		};
/* End PBXVariantGroup section */

/* Begin XCBuildConfiguration section */
		4DA00B861FEB467500D6B186 /* Debug */ = {
			isa = XCBuildConfiguration;
			buildSettings = {
				ALWAYS_SEARCH_USER_PATHS = NO;
				CLANG_ANALYZER_NONNULL = YES;
				CLANG_ANALYZER_NUMBER_OBJECT_CONVERSION = YES_AGGRESSIVE;
				CLANG_CXX_LANGUAGE_STANDARD = "gnu++14";
				CLANG_CXX_LIBRARY = "libc++";
				CLANG_ENABLE_MODULES = YES;
				CLANG_ENABLE_OBJC_ARC = YES;
				CLANG_WARN_BLOCK_CAPTURE_AUTORELEASING = YES;
				CLANG_WARN_BOOL_CONVERSION = YES;
				CLANG_WARN_COMMA = YES;
				CLANG_WARN_CONSTANT_CONVERSION = YES;
				CLANG_WARN_DIRECT_OBJC_ISA_USAGE = YES_ERROR;
				CLANG_WARN_DOCUMENTATION_COMMENTS = YES;
				CLANG_WARN_EMPTY_BODY = YES;
				CLANG_WARN_ENUM_CONVERSION = YES;
				CLANG_WARN_INFINITE_RECURSION = YES;
				CLANG_WARN_INT_CONVERSION = YES;
				CLANG_WARN_NON_LITERAL_NULL_CONVERSION = YES;
				CLANG_WARN_OBJC_LITERAL_CONVERSION = YES;
				CLANG_WARN_OBJC_ROOT_CLASS = YES_ERROR;
				CLANG_WARN_RANGE_LOOP_ANALYSIS = YES;
				CLANG_WARN_STRICT_PROTOTYPES = YES;
				CLANG_WARN_SUSPICIOUS_MOVE = YES;
				CLANG_WARN_UNGUARDED_AVAILABILITY = YES_AGGRESSIVE;
				CLANG_WARN_UNREACHABLE_CODE = YES;
				CLANG_WARN__DUPLICATE_METHOD_MATCH = YES;
				CODE_SIGN_IDENTITY = "iPhone Developer";
				COPY_PHASE_STRIP = NO;
				DEBUG_INFORMATION_FORMAT = dwarf;
				ENABLE_STRICT_OBJC_MSGSEND = YES;
				ENABLE_TESTABILITY = YES;
				GCC_C_LANGUAGE_STANDARD = gnu11;
				GCC_DYNAMIC_NO_PIC = NO;
				GCC_NO_COMMON_BLOCKS = YES;
				GCC_OPTIMIZATION_LEVEL = 0;
				GCC_PREPROCESSOR_DEFINITIONS = (
					"DEBUG=1",
					"$(inherited)",
				);
				GCC_WARN_64_TO_32_BIT_CONVERSION = YES;
				GCC_WARN_ABOUT_RETURN_TYPE = YES_ERROR;
				GCC_WARN_UNDECLARED_SELECTOR = YES;
				GCC_WARN_UNINITIALIZED_AUTOS = YES_AGGRESSIVE;
				GCC_WARN_UNUSED_FUNCTION = YES;
				GCC_WARN_UNUSED_VARIABLE = YES;
				IPHONEOS_DEPLOYMENT_TARGET = 11.2;
				MTL_ENABLE_DEBUG_INFO = YES;
				ONLY_ACTIVE_ARCH = YES;
				SDKROOT = iphoneos;
				SWIFT_ACTIVE_COMPILATION_CONDITIONS = DEBUG;
				SWIFT_OPTIMIZATION_LEVEL = "-Onone";
			};
			name = Debug;
		};
		4DA00B871FEB467500D6B186 /* Release */ = {
			isa = XCBuildConfiguration;
			buildSettings = {
				ALWAYS_SEARCH_USER_PATHS = NO;
				CLANG_ANALYZER_NONNULL = YES;
				CLANG_ANALYZER_NUMBER_OBJECT_CONVERSION = YES_AGGRESSIVE;
				CLANG_CXX_LANGUAGE_STANDARD = "gnu++14";
				CLANG_CXX_LIBRARY = "libc++";
				CLANG_ENABLE_MODULES = YES;
				CLANG_ENABLE_OBJC_ARC = YES;
				CLANG_WARN_BLOCK_CAPTURE_AUTORELEASING = YES;
				CLANG_WARN_BOOL_CONVERSION = YES;
				CLANG_WARN_COMMA = YES;
				CLANG_WARN_CONSTANT_CONVERSION = YES;
				CLANG_WARN_DIRECT_OBJC_ISA_USAGE = YES_ERROR;
				CLANG_WARN_DOCUMENTATION_COMMENTS = YES;
				CLANG_WARN_EMPTY_BODY = YES;
				CLANG_WARN_ENUM_CONVERSION = YES;
				CLANG_WARN_INFINITE_RECURSION = YES;
				CLANG_WARN_INT_CONVERSION = YES;
				CLANG_WARN_NON_LITERAL_NULL_CONVERSION = YES;
				CLANG_WARN_OBJC_LITERAL_CONVERSION = YES;
				CLANG_WARN_OBJC_ROOT_CLASS = YES_ERROR;
				CLANG_WARN_RANGE_LOOP_ANALYSIS = YES;
				CLANG_WARN_STRICT_PROTOTYPES = YES;
				CLANG_WARN_SUSPICIOUS_MOVE = YES;
				CLANG_WARN_UNGUARDED_AVAILABILITY = YES_AGGRESSIVE;
				CLANG_WARN_UNREACHABLE_CODE = YES;
				CLANG_WARN__DUPLICATE_METHOD_MATCH = YES;
				CODE_SIGN_IDENTITY = "iPhone Developer";
				COPY_PHASE_STRIP = NO;
				DEBUG_INFORMATION_FORMAT = "dwarf-with-dsym";
				ENABLE_NS_ASSERTIONS = NO;
				ENABLE_STRICT_OBJC_MSGSEND = YES;
				GCC_C_LANGUAGE_STANDARD = gnu11;
				GCC_NO_COMMON_BLOCKS = YES;
				GCC_WARN_64_TO_32_BIT_CONVERSION = YES;
				GCC_WARN_ABOUT_RETURN_TYPE = YES_ERROR;
				GCC_WARN_UNDECLARED_SELECTOR = YES;
				GCC_WARN_UNINITIALIZED_AUTOS = YES_AGGRESSIVE;
				GCC_WARN_UNUSED_FUNCTION = YES;
				GCC_WARN_UNUSED_VARIABLE = YES;
				IPHONEOS_DEPLOYMENT_TARGET = 11.2;
				MTL_ENABLE_DEBUG_INFO = NO;
				SDKROOT = iphoneos;
				SWIFT_OPTIMIZATION_LEVEL = "-Owholemodule";
				VALIDATE_PRODUCT = YES;
			};
			name = Release;
		};
		4DA00B891FEB467500D6B186 /* Debug */ = {
			isa = XCBuildConfiguration;
			buildSettings = {
				ASSETCATALOG_COMPILER_APPICON_NAME = AppIcon;
				CODE_SIGN_STYLE = Automatic;
				DEVELOPMENT_TEAM = RN2EQC2QM5;
				INFOPLIST_FILE = iOU/Info.plist;
				LD_RUNPATH_SEARCH_PATHS = "$(inherited) @executable_path/Frameworks";
				PRODUCT_BUNDLE_IDENTIFIER = com.virgilmartinez.iOU;
				PRODUCT_NAME = "$(TARGET_NAME)";
				SWIFT_VERSION = 4.0;
				TARGETED_DEVICE_FAMILY = 1;
			};
			name = Debug;
		};
		4DA00B8A1FEB467500D6B186 /* Release */ = {
			isa = XCBuildConfiguration;
			buildSettings = {
				ASSETCATALOG_COMPILER_APPICON_NAME = AppIcon;
				CODE_SIGN_STYLE = Automatic;
				DEVELOPMENT_TEAM = RN2EQC2QM5;
				INFOPLIST_FILE = iOU/Info.plist;
				LD_RUNPATH_SEARCH_PATHS = "$(inherited) @executable_path/Frameworks";
				PRODUCT_BUNDLE_IDENTIFIER = com.virgilmartinez.iOU;
				PRODUCT_NAME = "$(TARGET_NAME)";
				SWIFT_VERSION = 4.0;
				TARGETED_DEVICE_FAMILY = 1;
			};
			name = Release;
		};
/* End XCBuildConfiguration section */

/* Begin XCConfigurationList section */
		4DA00B711FEB467400D6B186 /* Build configuration list for PBXProject "iOU" */ = {
			isa = XCConfigurationList;
			buildConfigurations = (
				4DA00B861FEB467500D6B186 /* Debug */,
				4DA00B871FEB467500D6B186 /* Release */,
			);
			defaultConfigurationIsVisible = 0;
			defaultConfigurationName = Release;
		};
		4DA00B881FEB467500D6B186 /* Build configuration list for PBXNativeTarget "iOU" */ = {
			isa = XCConfigurationList;
			buildConfigurations = (
				4DA00B891FEB467500D6B186 /* Debug */,
				4DA00B8A1FEB467500D6B186 /* Release */,
			);
			defaultConfigurationIsVisible = 0;
			defaultConfigurationName = Release;
		};
/* End XCConfigurationList section */
	};
	rootObject = 4DA00B6E1FEB467400D6B186 /* Project object */;
}
